<?xml version="1.0" encoding="utf-8"?>
<Project ToolsVersion="4.0" xmlns="http://schemas.microsoft.com/developer/msbuild/2003">
  <ItemGroup>
    <Filter Include="Source Files">
      <UniqueIdentifier>{4FC737F1-C7A5-4376-A066-2A32D752A2FF}</UniqueIdentifier>
      <Extensions>cpp;c;cc;cxx;c++;cppm;ixx;def;odl;idl;hpj;bat;asm;asmx</Extensions>
    </Filter>
    <Filter Include="Header Files">
      <UniqueIdentifier>{93995380-89BD-4b04-88EB-625FBE52EBFB}</UniqueIdentifier>
      <Extensions>h;hh;hpp;hxx;h++;hm;inl;inc;ipp;xsd</Extensions>
    </Filter>
    <Filter Include="Resource Files">
      <UniqueIdentifier>{67DA6AB6-F800-4c08-8B7A-83BB121AAD01}</UniqueIdentifier>
      <Extensions>rc;ico;cur;bmp;dlg;rc2;rct;bin;rgs;gif;jpg;jpeg;jpe;resx;tiff;tif;png;wav;mfcribbon-ms</Extensions>
    </Filter>
    <Filter Include="weapon">
      <UniqueIdentifier>{dbafd0fb-7e5c-4dc5-9544-07480d8c10ce}</UniqueIdentifier>
    </Filter>
    <Filter Include="player">
      <UniqueIdentifier>{717ff152-fff5-41e6-b840-286ca5ac02d7}</UniqueIdentifier>
    </Filter>
    <Filter Include="scene">
      <UniqueIdentifier>{f539f929-7fc6-4794-a0a6-a0b2fe7a380b}</UniqueIdentifier>
    </Filter>
    <Filter Include="physics">
      <UniqueIdentifier>{1a54c7b6-7283-4e62-9770-c21bc078e62e}</UniqueIdentifier>
    </Filter>
    <Filter Include="gui">
      <UniqueIdentifier>{79691c9e-cae4-4980-a3a9-2681db12548e}</UniqueIdentifier>
    </Filter>
    <Filter Include="items">
      <UniqueIdentifier>{72e457ce-04dc-4110-89a4-47144807eeec}</UniqueIdentifier>
    </Filter>
    <Filter Include="entity">
      <UniqueIdentifier>{b22035a9-b7b1-4a86-bf5d-da20dd305a55}</UniqueIdentifier>
    </Filter>
  </ItemGroup>
  <ItemGroup>
    <ClInclude Include="CWeapon.h">
      <Filter>weapon</Filter>
    </ClInclude>
    <ClInclude Include="ak74.h">
      <Filter>weapon</Filter>
    </ClInclude>
    <ClInclude Include="player.h">
      <Filter>player</Filter>
    </ClInclude>
    <ClInclude Include="footsteps.h">
      <Filter>player</Filter>
    </ClInclude>
    <ClInclude Include="pm.h">
      <Filter>weapon</Filter>
    </ClInclude>
    <ClInclude Include="weapons.h">
      <Filter>weapon</Filter>
    </ClInclude>
    <ClInclude Include="knife.h">
      <Filter>weapon</Filter>
    </ClInclude>
    <ClInclude Include="bulletholes.h">
      <Filter>weapon</Filter>
    </ClInclude>
    <ClInclude Include="sound.h" />
    <ClInclude Include="input.h" />
    <ClInclude Include="inventory.h" />
    <ClInclude Include="main.h" />
    <ClInclude Include="materials.h" />
    <ClInclude Include="lightgrid.h">
      <Filter>Header Files</Filter>
    </ClInclude>
    <ClInclude Include="scene.h">
      <Filter>scene</Filter>
    </ClInclude>
    <ClInclude Include="items.h">
      <Filter>items</Filter>
    </ClInclude>
    <ClInclude Include="collision.h">
      <Filter>physics</Filter>
    </ClInclude>
    <ClInclude Include="viewmodel.h">
      <Filter>player</Filter>
    </ClInclude>
    <ClInclude Include="gui.h">
      <Filter>gui</Filter>
    </ClInclude>
    <ClInclude Include="LoadBSP.h">
      <Filter>scene</Filter>
    </ClInclude>
    <ClInclude Include="LoadOBJ.h">
      <Filter>scene</Filter>
    </ClInclude>
    <ClInclude Include="math.h">
      <Filter>Header Files</Filter>
    </ClInclude>
    <ClInclude Include="parse.h">
      <Filter>entity</Filter>
    </ClInclude>
    <ClInclude Include="dylight.h">
      <Filter>Header Files</Filter>
    </ClInclude>
    <ClInclude Include="item_ak74.h">
      <Filter>items</Filter>
    </ClInclude>
    <ClInclude Include="entity.h">
      <Filter>entity</Filter>
    </ClInclude>
    <ClInclude Include="item_registry.h">
      <Filter>Header Files</Filter>
    </ClInclude>
    <ClInclude Include="viewflash.h">
      <Filter>player</Filter>
    </ClInclude>
    <ClInclude Include="hud.h">
      <Filter>gui</Filter>
    </ClInclude>
  </ItemGroup>
  <ItemGroup>
    <ClCompile Include="CWeapon.cpp">
      <Filter>weapon</Filter>
    </ClCompile>
    <ClCompile Include="player.cpp">
      <Filter>player</Filter>
    </ClCompile>
    <ClCompile Include="footsteps.cpp">
      <Filter>player</Filter>
    </ClCompile>
    <ClCompile Include="bulletholes.cpp">
      <Filter>weapon</Filter>
    </ClCompile>
    <ClCompile Include="weapons.cpp">
      <Filter>weapon</Filter>
    </ClCompile>
    <ClCompile Include="input.cpp" />
    <ClCompile Include="inventory.cpp" />
    <ClCompile Include="main.cpp" />
    <ClCompile Include="sound.cpp" />
    <ClCompile Include="materials.cpp" />
    <ClCompile Include="lightgrid.cpp">
      <Filter>Source Files</Filter>
    </ClCompile>
    <ClCompile Include="scene.cpp">
      <Filter>scene</Filter>
    </ClCompile>
    <ClCompile Include="dylight.cpp">
      <Filter>Source Files</Filter>
    </ClCompile>
    <ClCompile Include="items.cpp">
      <Filter>items</Filter>
    </ClCompile>
    <ClCompile Include="collision.cpp">
      <Filter>physics</Filter>
    </ClCompile>
    <ClCompile Include="viewmodel.cpp">
      <Filter>player</Filter>
    </ClCompile>
    <ClCompile Include="gui.cpp">
      <Filter>gui</Filter>
    </ClCompile>
    <ClCompile Include="LoadBSP.cpp">
      <Filter>scene</Filter>
    </ClCompile>
    <ClCompile Include="LoadOBJ.cpp">
      <Filter>scene</Filter>
    </ClCompile>
    <ClCompile Include="math.cpp">
      <Filter>Source Files</Filter>
    </ClCompile>
    <ClCompile Include="parse.cpp">
      <Filter>entity</Filter>
    </ClCompile>
    <ClCompile Include="item_ak74.cpp">
      <Filter>items</Filter>
    </ClCompile>
    <ClCompile Include="entity.cpp">
      <Filter>entity</Filter>
    </ClCompile>
    <ClCompile Include="item_registry.cpp">
      <Filter>Source Files</Filter>
    </ClCompile>
    <ClCompile Include="viewflash.cpp">
      <Filter>player</Filter>
    </ClCompile>
    <ClCompile Include="hud.cpp">
      <Filter>gui</Filter>
    </ClCompile>
  </ItemGroup>
</Project>